
Microsoft Visual Studio Solution File, Format Version 12.00
# Visual Studio Version 17
VisualStudioVersion = 17.0.31903.59
MinimumVisualStudioVersion = 10.0.40219.1
Project("{9A19103F-16F7-4668-BE54-9A1E7A4F7556}") = "KDataFinder.ConsoleApp", "KDataFinder.ConsoleApp\KDataFinder.ConsoleApp.csproj", "{C864EAD5-4084-482B-BBE6-D55E85C2C3A2}"
EndProject
Global
	GlobalSection(SolutionConfigurationPlatforms) = preSolution
		Debug|Any CPU = Debug|Any CPU
		Release|Any CPU = Release|Any CPU
	EndGlobalSection
	GlobalSection(ProjectConfigurationPlatforms) = postSolution
		{C864EAD5-4084-482B-BBE6-D55E85C2C3A2}.Debug|Any CPU.ActiveCfg = Debug|Any CPU
		{C864EAD5-4084-482B-BBE6-D55E85C2C3A2}.Debug|Any CPU.Build.0 = Debug|Any CPU
		{C864EAD5-4084-482B-BBE6-D55E85C2C3A2}.Release|Any CPU.ActiveCfg = Release|Any CPU
		{C864EAD5-4084-482B-BBE6-D55E85C2C3A2}.Release|Any CPU.Build.0 = Release|Any CPU
	EndGlobalSection
	GlobalSection(SolutionProperties) = preSolution
		HideSolutionNode = FALSE
	EndGlobalSection
	GlobalSection(ExtensibilityGlobals) = postSolution
		SolutionGuid = {137C313F-106C-4BAD-B60B-C248B1FDB051}
	EndGlobalSection
EndGlobal
